// !$*UTF8*$!
{
	archiveVersion = 1;
	classes = {
	};
	objectVersion = 48;
	objects = {

/* Begin PBXBuildFile section */
		54DF906A1FB0B71F00B228CF /* AppDelegate.swift in Sources */ = {isa = PBXBuildFile; fileRef = 54DF90691FB0B71F00B228CF /* AppDelegate.swift */; };
		54DF906C1FB0B71F00B228CF /* ViewController.swift in Sources */ = {isa = PBXBuildFile; fileRef = 54DF906B1FB0B71F00B228CF /* ViewController.swift */; };
		54DF906F1FB0B71F00B228CF /* Main.storyboard in Resources */ = {isa = PBXBuildFile; fileRef = 54DF906D1FB0B71F00B228CF /* Main.storyboard */; };
		54DF90711FB0B71F00B228CF /* Assets.xcassets in Resources */ = {isa = PBXBuildFile; fileRef = 54DF90701FB0B71F00B228CF /* Assets.xcassets */; };
		54DF90741FB0B71F00B228CF /* LaunchScreen.storyboard in Resources */ = {isa = PBXBuildFile; fileRef = 54DF90721FB0B71F00B228CF /* LaunchScreen.storyboard */; };
		54DF907C1FB0BAEE00B228CF /* PeopleTableViewController.swift in Sources */ = {isa = PBXBuildFile; fileRef = 54DF907B1FB0BAEE00B228CF /* PeopleTableViewController.swift */; };
		54DF907E1FB0BDCC00B228CF /* Person.swift in Sources */ = {isa = PBXBuildFile; fileRef = 54DF907D1FB0BDCC00B228CF /* Person.swift */; };
/* End PBXBuildFile section */

/* Begin PBXFileReference section */
		54DF90661FB0B71F00B228CF /* TableViewWithSearchBar.app */ = {isa = PBXFileReference; explicitFileType = wrapper.application; includeInIndex = 0; path = TableViewWithSearchBar.app; sourceTree = BUILT_PRODUCTS_DIR; };
		54DF90691FB0B71F00B228CF /* AppDelegate.swift */ = {isa = PBXFileReference; lastKnownFileType = sourcecode.swift; path = AppDelegate.swift; sourceTree = "<group>"; };
		54DF906B1FB0B71F00B228CF /* ViewController.swift */ = {isa = PBXFileReference; lastKnownFileType = sourcecode.swift; path = ViewController.swift; sourceTree = "<group>"; };
		54DF906E1FB0B71F00B228CF /* Base */ = {isa = PBXFileReference; lastKnownFileType = file.storyboard; name = Base; path = Base.lproj/Main.storyboard; sourceTree = "<group>"; };
		54DF90701FB0B71F00B228CF /* Assets.xcassets */ = {isa = PBXFileReference; lastKnownFileType = folder.assetcatalog; path = Assets.xcassets; sourceTree = "<group>"; };
		54DF90731FB0B71F00B228CF /* Base */ = {isa = PBXFileReference; lastKnownFileType = file.storyboard; name = Base; path = Base.lproj/LaunchScreen.storyboard; sourceTree = "<group>"; };
		54DF90751FB0B71F00B228CF /* Info.plist */ = {isa = PBXFileReference; lastKnownFileType = text.plist.xml; path = Info.plist; sourceTree = "<group>"; };
		54DF907B1FB0BAEE00B228CF /* PeopleTableViewController.swift */ = {isa = PBXFileReference; lastKnownFileType = sourcecode.swift; path = PeopleTableViewController.swift; sourceTree = "<group>"; };
		54DF907D1FB0BDCC00B228CF /* Person.swift */ = {isa = PBXFileReference; lastKnownFileType = sourcecode.swift; path = Person.swift; sourceTree = "<group>"; };
/* End PBXFileReference section */

/* Begin PBXFrameworksBuildPhase section */
		54DF90631FB0B71F00B228CF /* Frameworks */ = {
			isa = PBXFrameworksBuildPhase;
			buildActionMask = 2147483647;
			files = (
			);
			runOnlyForDeploymentPostprocessing = 0;
		};
/* End PBXFrameworksBuildPhase section */

/* Begin PBXGroup section */
		54DF905D1FB0B71F00B228CF = {
			isa = PBXGroup;
			children = (
				54DF90681FB0B71F00B228CF /* TableViewWithSearchBar */,
				54DF90671FB0B71F00B228CF /* Products */,
			);
			sourceTree = "<group>";
		};
		54DF90671FB0B71F00B228CF /* Products */ = {
			isa = PBXGroup;
			children = (
				54DF90661FB0B71F00B228CF /* TableViewWithSearchBar.app */,
			);
			name = Products;
			sourceTree = "<group>";
		};
		54DF90681FB0B71F00B228CF /* TableViewWithSearchBar */ = {
			isa = PBXGroup;
			children = (
				54DF90691FB0B71F00B228CF /* AppDelegate.swift */,
				54DF906B1FB0B71F00B228CF /* ViewController.swift */,
				54DF906D1FB0B71F00B228CF /* Main.storyboard */,
				54DF907B1FB0BAEE00B228CF /* PeopleTableViewController.swift */,
				54DF907D1FB0BDCC00B228CF /* Person.swift */,
				54DF90701FB0B71F00B228CF /* Assets.xcassets */,
				54DF90721FB0B71F00B228CF /* LaunchScreen.storyboard */,
				54DF90751FB0B71F00B228CF /* Info.plist */,
			);
			path = TableViewWithSearchBar;
			sourceTree = "<group>";
		};
/* End PBXGroup section */

/* Begin PBXNativeTarget section */
		54DF90651FB0B71F00B228CF /* TableViewWithSearchBar */ = {
			isa = PBXNativeTarget;
			buildConfigurationList = 54DF90781FB0B71F00B228CF /* Build configuration list for PBXNativeTarget "TableViewWithSearchBar" */;
			buildPhases = (
				54DF90621FB0B71F00B228CF /* Sources */,
				54DF90631FB0B71F00B228CF /* Frameworks */,
				54DF90641FB0B71F00B228CF /* Resources */,
			);
			buildRules = (
			);
			dependencies = (
			);
			name = TableViewWithSearchBar;
			productName = TableViewWithSearchBar;
			productReference = 54DF90661FB0B71F00B228CF /* TableViewWithSearchBar.app */;
			productType = "com.apple.product-type.application";
		};
/* End PBXNativeTarget section */

/* Begin PBXProject section */
		54DF905E1FB0B71F00B228CF /* Project object */ = {
			isa = PBXProject;
			attributes = {
				LastSwiftUpdateCheck = 0900;
				LastUpgradeCheck = 0900;
				ORGANIZATIONNAME = "C4Q ";
				TargetAttributes = {
					54DF90651FB0B71F00B228CF = {
						CreatedOnToolsVersion = 9.0;
						ProvisioningStyle = Automatic;
					};
				};
			};
			buildConfigurationList = 54DF90611FB0B71F00B228CF /* Build configuration list for PBXProject "TableViewWithSearchBar" */;
			compatibilityVersion = "Xcode 8.0";
			developmentRegion = en;
			hasScannedForEncodings = 0;
			knownRegions = (
				en,
				Base,
			);
			mainGroup = 54DF905D1FB0B71F00B228CF;
			productRefGroup = 54DF90671FB0B71F00B228CF /* Products */;
			projectDirPath = "";
			projectRoot = "";
			targets = (
				54DF90651FB0B71F00B228CF /* TableViewWithSearchBar */,
			);
		};
/* End PBXProject section */

/* Begin PBXResourcesBuildPhase section */
		54DF90641FB0B71F00B228CF /* Resources */ = {
			isa = PBXResourcesBuildPhase;
			buildActionMask = 2147483647;
			files = (
				54DF90741FB0B71F00B228CF /* LaunchScreen.storyboard in Resources */,
				54DF90711FB0B71F00B228CF /* Assets.xcassets in Resources */,
				54DF906F1FB0B71F00B228CF /* Main.storyboard in Resources */,
			);
			runOnlyForDeploymentPostprocessing = 0;
		};
/* End PBXResourcesBuildPhase section */

/* Begin PBXSourcesBuildPhase section */
		54DF90621FB0B71F00B228CF /* Sources */ = {
			isa = PBXSourcesBuildPhase;
			buildActionMask = 2147483647;
			files = (
				54DF906C1FB0B71F00B228CF /* ViewController.swift in Sources */,
				54DF907C1FB0BAEE00B228CF /* PeopleTableViewController.swift in Sources */,
				54DF907E1FB0BDCC00B228CF /* Person.swift in Sources */,
				54DF906A1FB0B71F00B228CF /* AppDelegate.swift in Sources */,
			);
			runOnlyForDeploymentPostprocessing = 0;
		};
/* End PBXSourcesBuildPhase section */

/* Begin PBXVariantGroup section */
		54DF906D1FB0B71F00B228CF /* Main.storyboard */ = {
			isa = PBXVariantGroup;
			children = (
				54DF906E1FB0B71F00B228CF /* Base */,
			);
			name = Main.storyboard;
			sourceTree = "<group>";
		};
		54DF90721FB0B71F00B228CF /* LaunchScreen.storyboard */ = {
			isa = PBXVariantGroup;
			children = (
				54DF90731FB0B71F00B228CF /* Base */,
			);
			name = LaunchScreen.storyboard;
			sourceTree = "<group>";
		};
/* End PBXVariantGroup section */

/* Begin XCBuildConfiguration section */
		54DF90761FB0B71F00B228CF /* Debug */ = {
			isa = XCBuildConfiguration;
			buildSettings = {
				ALWAYS_SEARCH_USER_PATHS = NO;
				CLANG_ANALYZER_NONNULL = YES;
				CLANG_ANALYZER_NUMBER_OBJECT_CONVERSION = YES_AGGRESSIVE;
				CLANG_CXX_LANGUAGE_STANDARD = "gnu++14";
				CLANG_CXX_LIBRARY = "libc++";
				CLANG_ENABLE_MODULES = YES;
				CLANG_ENABLE_OBJC_ARC = YES;
				CLANG_WARN_BLOCK_CAPTURE_AUTORELEASING = YES;
				CLANG_WARN_BOOL_CONVERSION = YES;
				CLANG_WARN_COMMA = YES;
				CLANG_WARN_CONSTANT_CONVERSION = YES;
				CLANG_WARN_DIRECT_OBJC_ISA_USAGE = YES_ERROR;
				CLANG_WARN_DOCUMENTATION_COMMENTS = YES;
				CLANG_WARN_EMPTY_BODY = YES;
				CLANG_WARN_ENUM_CONVERSION = YES;
				CLANG_WARN_INFINITE_RECURSION = YES;
				CLANG_WARN_INT_CONVERSION = YES;
				CLANG_WARN_NON_LITERAL_NULL_CONVERSION = YES;
				CLANG_WARN_OBJC_LITERAL_CONVERSION = YES;
				CLANG_WARN_OBJC_ROOT_CLASS = YES_ERROR;
				CLANG_WARN_RANGE_LOOP_ANALYSIS = YES;
				CLANG_WARN_STRICT_PROTOTYPES = YES;
				CLANG_WARN_SUSPICIOUS_MOVE = YES;
				CLANG_WARN_UNGUARDED_AVAILABILITY = YES_AGGRESSIVE;
				CLANG_WARN_UNREACHABLE_CODE = YES;
				CLANG_WARN__DUPLICATE_METHOD_MATCH = YES;
				CODE_SIGN_IDENTITY = "iPhone Developer";
				COPY_PHASE_STRIP = NO;
				DEBUG_INFORMATION_FORMAT = dwarf;
				ENABLE_STRICT_OBJC_MSGSEND = YES;
				ENABLE_TESTABILITY = YES;
				GCC_C_LANGUAGE_STANDARD = gnu11;
				GCC_DYNAMIC_NO_PIC = NO;
				GCC_NO_COMMON_BLOCKS = YES;
				GCC_OPTIMIZATION_LEVEL = 0;
				GCC_PREPROCESSOR_DEFINITIONS = (
					"DEBUG=1",
					"$(inherited)",
				);
				GCC_WARN_64_TO_32_BIT_CONVERSION = YES;
				GCC_WARN_ABOUT_RETURN_TYPE = YES_ERROR;
				GCC_WARN_UNDECLARED_SELECTOR = YES;
				GCC_WARN_UNINITIALIZED_AUTOS = YES_AGGRESSIVE;
				GCC_WARN_UNUSED_FUNCTION = YES;
				GCC_WARN_UNUSED_VARIABLE = YES;
				IPHONEOS_DEPLOYMENT_TARGET = 11.0;
				MTL_ENABLE_DEBUG_INFO = YES;
				ONLY_ACTIVE_ARCH = YES;
				SDKROOT = iphoneos;
				SWIFT_ACTIVE_COMPILATION_CONDITIONS = DEBUG;
				SWIFT_OPTIMIZATION_LEVEL = "-Onone";
			};
			name = Debug;
		};
		54DF90771FB0B71F00B228CF /* Release */ = {
			isa = XCBuildConfiguration;
			buildSettings = {
				ALWAYS_SEARCH_USER_PATHS = NO;
				CLANG_ANALYZER_NONNULL = YES;
				CLANG_ANALYZER_NUMBER_OBJECT_CONVERSION = YES_AGGRESSIVE;
				CLANG_CXX_LANGUAGE_STANDARD = "gnu++14";
				CLANG_CXX_LIBRARY = "libc++";
				CLANG_ENABLE_MODULES = YES;
				CLANG_ENABLE_OBJC_ARC = YES;
				CLANG_WARN_BLOCK_CAPTURE_AUTORELEASING = YES;
				CLANG_WARN_BOOL_CONVERSION = YES;
				CLANG_WARN_COMMA = YES;
				CLANG_WARN_CONSTANT_CONVERSION = YES;
				CLANG_WARN_DIRECT_OBJC_ISA_USAGE = YES_ERROR;
				CLANG_WARN_DOCUMENTATION_COMMENTS = YES;
				CLANG_WARN_EMPTY_BODY = YES;
				CLANG_WARN_ENUM_CONVERSION = YES;
				CLANG_WARN_INFINITE_RECURSION = YES;
				CLANG_WARN_INT_CONVERSION = YES;
				CLANG_WARN_NON_LITERAL_NULL_CONVERSION = YES;
				CLANG_WARN_OBJC_LITERAL_CONVERSION = YES;
				CLANG_WARN_OBJC_ROOT_CLASS = YES_ERROR;
				CLANG_WARN_RANGE_LOOP_ANALYSIS = YES;
				CLANG_WARN_STRICT_PROTOTYPES = YES;
				CLANG_WARN_SUSPICIOUS_MOVE = YES;
				CLANG_WARN_UNGUARDED_AVAILABILITY = YES_AGGRESSIVE;
				CLANG_WARN_UNREACHABLE_CODE = YES;
				CLANG_WARN__DUPLICATE_METHOD_MATCH = YES;
				CODE_SIGN_IDENTITY = "iPhone Developer";
				COPY_PHASE_STRIP = NO;
				DEBUG_INFORMATION_FORMAT = "dwarf-with-dsym";
				ENABLE_NS_ASSERTIONS = NO;
				ENABLE_STRICT_OBJC_MSGSEND = YES;
				GCC_C_LANGUAGE_STANDARD = gnu11;
				GCC_NO_COMMON_BLOCKS = YES;
				GCC_WARN_64_TO_32_BIT_CONVERSION = YES;
				GCC_WARN_ABOUT_RETURN_TYPE = YES_ERROR;
				GCC_WARN_UNDECLARED_SELECTOR = YES;
				GCC_WARN_UNINITIALIZED_AUTOS = YES_AGGRESSIVE;
				GCC_WARN_UNUSED_FUNCTION = YES;
				GCC_WARN_UNUSED_VARIABLE = YES;
				IPHONEOS_DEPLOYMENT_TARGET = 11.0;
				MTL_ENABLE_DEBUG_INFO = NO;
				SDKROOT = iphoneos;
				SWIFT_OPTIMIZATION_LEVEL = "-Owholemodule";
				VALIDATE_PRODUCT = YES;
			};
			name = Release;
		};
		54DF90791FB0B71F00B228CF /* Debug */ = {
			isa = XCBuildConfiguration;
			buildSettings = {
				ASSETCATALOG_COMPILER_APPICON_NAME = AppIcon;
				CODE_SIGN_STYLE = Automatic;
				INFOPLIST_FILE = TableViewWithSearchBar/Info.plist;
				LD_RUNPATH_SEARCH_PATHS = "$(inherited) @executable_path/Frameworks";
				PRODUCT_BUNDLE_IDENTIFIER = c4q.TableViewWithSearchBar;
				PRODUCT_NAME = "$(TARGET_NAME)";
				SWIFT_VERSION = 4.0;
				TARGETED_DEVICE_FAMILY = "1,2";
			};
			name = Debug;
		};
		54DF907A1FB0B71F00B228CF /* Release */ = {
			isa = XCBuildConfiguration;
			buildSettings = {
				ASSETCATALOG_COMPILER_APPICON_NAME = AppIcon;
				CODE_SIGN_STYLE = Automatic;
				INFOPLIST_FILE = TableViewWithSearchBar/Info.plist;
				LD_RUNPATH_SEARCH_PATHS = "$(inherited) @executable_path/Frameworks";
				PRODUCT_BUNDLE_IDENTIFIER = c4q.TableViewWithSearchBar;
				PRODUCT_NAME = "$(TARGET_NAME)";
				SWIFT_VERSION = 4.0;
				TARGETED_DEVICE_FAMILY = "1,2";
			};
			name = Release;
		};
/* End XCBuildConfiguration section */

/* Begin XCConfigurationList section */
		54DF90611FB0B71F00B228CF /* Build configuration list for PBXProject "TableViewWithSearchBar" */ = {
			isa = XCConfigurationList;
			buildConfigurations = (
				54DF90761FB0B71F00B228CF /* Debug */,
				54DF90771FB0B71F00B228CF /* Release */,
			);
			defaultConfigurationIsVisible = 0;
			defaultConfigurationName = Release;
		};
		54DF90781FB0B71F00B228CF /* Build configuration list for PBXNativeTarget "TableViewWithSearchBar" */ = {
			isa = XCConfigurationList;
			buildConfigurations = (
				54DF90791FB0B71F00B228CF /* Debug */,
				54DF907A1FB0B71F00B228CF /* Release */,
			);
			defaultConfigurationIsVisible = 0;
			defaultConfigurationName = Release;
		};
/* End XCConfigurationList section */
	};
	rootObject = 54DF905E1FB0B71F00B228CF /* Project object */;
}
